// !$*UTF8*$!
{
	archiveVersion = 1;
	classes = {
	};
	objectVersion = 50;
	objects = {

/* Begin PBXBuildFile section */
		9A1DCF8A24FFE40C00D70971 /* AppDelegate.swift in Sources */ = {isa = PBXBuildFile; fileRef = 9A1DCF8924FFE40C00D70971 /* AppDelegate.swift */; };
		9A1DCF8C24FFE40C00D70971 /* SceneDelegate.swift in Sources */ = {isa = PBXBuildFile; fileRef = 9A1DCF8B24FFE40C00D70971 /* SceneDelegate.swift */; };
		9A1DCF8E24FFE40C00D70971 /* ViewController.swift in Sources */ = {isa = PBXBuildFile; fileRef = 9A1DCF8D24FFE40C00D70971 /* ViewController.swift */; };
		9A1DCF9124FFE40C00D70971 /* Main.storyboard in Resources */ = {isa = PBXBuildFile; fileRef = 9A1DCF8F24FFE40C00D70971 /* Main.storyboard */; };
		9A1DCF9324FFE40E00D70971 /* Assets.xcassets in Resources */ = {isa = PBXBuildFile; fileRef = 9A1DCF9224FFE40E00D70971 /* Assets.xcassets */; };
		9A1DCF9624FFE40E00D70971 /* LaunchScreen.storyboard in Resources */ = {isa = PBXBuildFile; fileRef = 9A1DCF9424FFE40E00D70971 /* LaunchScreen.storyboard */; };
		9A1DCFA124FFE40E00D70971 /* User_Defaults_DemoTests.swift in Sources */ = {isa = PBXBuildFile; fileRef = 9A1DCFA024FFE40E00D70971 /* User_Defaults_DemoTests.swift */; };
		9A1DCFAC24FFE40E00D70971 /* User_Defaults_DemoUITests.swift in Sources */ = {isa = PBXBuildFile; fileRef = 9A1DCFAB24FFE40E00D70971 /* User_Defaults_DemoUITests.swift */; };
/* End PBXBuildFile section */

/* Begin PBXContainerItemProxy section */
		9A1DCF9D24FFE40E00D70971 /* PBXContainerItemProxy */ = {
			isa = PBXContainerItemProxy;
			containerPortal = 9A1DCF7E24FFE40C00D70971 /* Project object */;
			proxyType = 1;
			remoteGlobalIDString = 9A1DCF8524FFE40C00D70971;
			remoteInfo = "User Defaults Demo";
		};
		9A1DCFA824FFE40E00D70971 /* PBXContainerItemProxy */ = {
			isa = PBXContainerItemProxy;
			containerPortal = 9A1DCF7E24FFE40C00D70971 /* Project object */;
			proxyType = 1;
			remoteGlobalIDString = 9A1DCF8524FFE40C00D70971;
			remoteInfo = "User Defaults Demo";
		};
/* End PBXContainerItemProxy section */

/* Begin PBXFileReference section */
		9A1DCF8624FFE40C00D70971 /* User Defaults Demo.app */ = {isa = PBXFileReference; explicitFileType = wrapper.application; includeInIndex = 0; path = "User Defaults Demo.app"; sourceTree = BUILT_PRODUCTS_DIR; };
		9A1DCF8924FFE40C00D70971 /* AppDelegate.swift */ = {isa = PBXFileReference; lastKnownFileType = sourcecode.swift; path = AppDelegate.swift; sourceTree = "<group>"; };
		9A1DCF8B24FFE40C00D70971 /* SceneDelegate.swift */ = {isa = PBXFileReference; lastKnownFileType = sourcecode.swift; path = SceneDelegate.swift; sourceTree = "<group>"; };
		9A1DCF8D24FFE40C00D70971 /* ViewController.swift */ = {isa = PBXFileReference; lastKnownFileType = sourcecode.swift; path = ViewController.swift; sourceTree = "<group>"; };
		9A1DCF9024FFE40C00D70971 /* Base */ = {isa = PBXFileReference; lastKnownFileType = file.storyboard; name = Base; path = Base.lproj/Main.storyboard; sourceTree = "<group>"; };
		9A1DCF9224FFE40E00D70971 /* Assets.xcassets */ = {isa = PBXFileReference; lastKnownFileType = folder.assetcatalog; path = Assets.xcassets; sourceTree = "<group>"; };
		9A1DCF9524FFE40E00D70971 /* Base */ = {isa = PBXFileReference; lastKnownFileType = file.storyboard; name = Base; path = Base.lproj/LaunchScreen.storyboard; sourceTree = "<group>"; };
		9A1DCF9724FFE40E00D70971 /* Info.plist */ = {isa = PBXFileReference; lastKnownFileType = text.plist.xml; path = Info.plist; sourceTree = "<group>"; };
		9A1DCF9C24FFE40E00D70971 /* User Defaults DemoTests.xctest */ = {isa = PBXFileReference; explicitFileType = wrapper.cfbundle; includeInIndex = 0; path = "User Defaults DemoTests.xctest"; sourceTree = BUILT_PRODUCTS_DIR; };
		9A1DCFA024FFE40E00D70971 /* User_Defaults_DemoTests.swift */ = {isa = PBXFileReference; lastKnownFileType = sourcecode.swift; path = User_Defaults_DemoTests.swift; sourceTree = "<group>"; };
		9A1DCFA224FFE40E00D70971 /* Info.plist */ = {isa = PBXFileReference; lastKnownFileType = text.plist.xml; path = Info.plist; sourceTree = "<group>"; };
		9A1DCFA724FFE40E00D70971 /* User Defaults DemoUITests.xctest */ = {isa = PBXFileReference; explicitFileType = wrapper.cfbundle; includeInIndex = 0; path = "User Defaults DemoUITests.xctest"; sourceTree = BUILT_PRODUCTS_DIR; };
		9A1DCFAB24FFE40E00D70971 /* User_Defaults_DemoUITests.swift */ = {isa = PBXFileReference; lastKnownFileType = sourcecode.swift; path = User_Defaults_DemoUITests.swift; sourceTree = "<group>"; };
		9A1DCFAD24FFE40E00D70971 /* Info.plist */ = {isa = PBXFileReference; lastKnownFileType = text.plist.xml; path = Info.plist; sourceTree = "<group>"; };
/* End PBXFileReference section */

/* Begin PBXFrameworksBuildPhase section */
		9A1DCF8324FFE40C00D70971 /* Frameworks */ = {
			isa = PBXFrameworksBuildPhase;
			buildActionMask = 2147483647;
			files = (
			);
			runOnlyForDeploymentPostprocessing = 0;
		};
		9A1DCF9924FFE40E00D70971 /* Frameworks */ = {
			isa = PBXFrameworksBuildPhase;
			buildActionMask = 2147483647;
			files = (
			);
			runOnlyForDeploymentPostprocessing = 0;
		};
		9A1DCFA424FFE40E00D70971 /* Frameworks */ = {
			isa = PBXFrameworksBuildPhase;
			buildActionMask = 2147483647;
			files = (
			);
			runOnlyForDeploymentPostprocessing = 0;
		};
/* End PBXFrameworksBuildPhase section */

/* Begin PBXGroup section */
		9A1DCF7D24FFE40C00D70971 = {
			isa = PBXGroup;
			children = (
				9A1DCF8824FFE40C00D70971 /* User Defaults Demo */,
				9A1DCF9F24FFE40E00D70971 /* User Defaults DemoTests */,
				9A1DCFAA24FFE40E00D70971 /* User Defaults DemoUITests */,
				9A1DCF8724FFE40C00D70971 /* Products */,
			);
			sourceTree = "<group>";
		};
		9A1DCF8724FFE40C00D70971 /* Products */ = {
			isa = PBXGroup;
			children = (
				9A1DCF8624FFE40C00D70971 /* User Defaults Demo.app */,
				9A1DCF9C24FFE40E00D70971 /* User Defaults DemoTests.xctest */,
				9A1DCFA724FFE40E00D70971 /* User Defaults DemoUITests.xctest */,
			);
			name = Products;
			sourceTree = "<group>";
		};
		9A1DCF8824FFE40C00D70971 /* User Defaults Demo */ = {
			isa = PBXGroup;
			children = (
				9A1DCF8924FFE40C00D70971 /* AppDelegate.swift */,
				9A1DCF8B24FFE40C00D70971 /* SceneDelegate.swift */,
				9A1DCF8D24FFE40C00D70971 /* ViewController.swift */,
				9A1DCF8F24FFE40C00D70971 /* Main.storyboard */,
				9A1DCF9224FFE40E00D70971 /* Assets.xcassets */,
				9A1DCF9424FFE40E00D70971 /* LaunchScreen.storyboard */,
				9A1DCF9724FFE40E00D70971 /* Info.plist */,
			);
			path = "User Defaults Demo";
			sourceTree = "<group>";
		};
		9A1DCF9F24FFE40E00D70971 /* User Defaults DemoTests */ = {
			isa = PBXGroup;
			children = (
				9A1DCFA024FFE40E00D70971 /* User_Defaults_DemoTests.swift */,
				9A1DCFA224FFE40E00D70971 /* Info.plist */,
			);
			path = "User Defaults DemoTests";
			sourceTree = "<group>";
		};
		9A1DCFAA24FFE40E00D70971 /* User Defaults DemoUITests */ = {
			isa = PBXGroup;
			children = (
				9A1DCFAB24FFE40E00D70971 /* User_Defaults_DemoUITests.swift */,
				9A1DCFAD24FFE40E00D70971 /* Info.plist */,
			);
			path = "User Defaults DemoUITests";
			sourceTree = "<group>";
		};
/* End PBXGroup section */

/* Begin PBXNativeTarget section */
		9A1DCF8524FFE40C00D70971 /* User Defaults Demo */ = {
			isa = PBXNativeTarget;
			buildConfigurationList = 9A1DCFB024FFE40E00D70971 /* Build configuration list for PBXNativeTarget "User Defaults Demo" */;
			buildPhases = (
				9A1DCF8224FFE40C00D70971 /* Sources */,
				9A1DCF8324FFE40C00D70971 /* Frameworks */,
				9A1DCF8424FFE40C00D70971 /* Resources */,
			);
			buildRules = (
			);
			dependencies = (
			);
			name = "User Defaults Demo";
			productName = "User Defaults Demo";
			productReference = 9A1DCF8624FFE40C00D70971 /* User Defaults Demo.app */;
			productType = "com.apple.product-type.application";
		};
		9A1DCF9B24FFE40E00D70971 /* User Defaults DemoTests */ = {
			isa = PBXNativeTarget;
			buildConfigurationList = 9A1DCFB324FFE40E00D70971 /* Build configuration list for PBXNativeTarget "User Defaults DemoTests" */;
			buildPhases = (
				9A1DCF9824FFE40E00D70971 /* Sources */,
				9A1DCF9924FFE40E00D70971 /* Frameworks */,
				9A1DCF9A24FFE40E00D70971 /* Resources */,
			);
			buildRules = (
			);
			dependencies = (
				9A1DCF9E24FFE40E00D70971 /* PBXTargetDependency */,
			);
			name = "User Defaults DemoTests";
			productName = "User Defaults DemoTests";
			productReference = 9A1DCF9C24FFE40E00D70971 /* User Defaults DemoTests.xctest */;
			productType = "com.apple.product-type.bundle.unit-test";
		};
		9A1DCFA624FFE40E00D70971 /* User Defaults DemoUITests */ = {
			isa = PBXNativeTarget;
			buildConfigurationList = 9A1DCFB624FFE40E00D70971 /* Build configuration list for PBXNativeTarget "User Defaults DemoUITests" */;
			buildPhases = (
				9A1DCFA324FFE40E00D70971 /* Sources */,
				9A1DCFA424FFE40E00D70971 /* Frameworks */,
				9A1DCFA524FFE40E00D70971 /* Resources */,
			);
			buildRules = (
			);
			dependencies = (
				9A1DCFA924FFE40E00D70971 /* PBXTargetDependency */,
			);
			name = "User Defaults DemoUITests";
			productName = "User Defaults DemoUITests";
			productReference = 9A1DCFA724FFE40E00D70971 /* User Defaults DemoUITests.xctest */;
			productType = "com.apple.product-type.bundle.ui-testing";
		};
/* End PBXNativeTarget section */

/* Begin PBXProject section */
		9A1DCF7E24FFE40C00D70971 /* Project object */ = {
			isa = PBXProject;
			attributes = {
				LastSwiftUpdateCheck = 1200;
				LastUpgradeCheck = 1200;
				TargetAttributes = {
					9A1DCF8524FFE40C00D70971 = {
						CreatedOnToolsVersion = 12.0;
					};
					9A1DCF9B24FFE40E00D70971 = {
						CreatedOnToolsVersion = 12.0;
						TestTargetID = 9A1DCF8524FFE40C00D70971;
					};
					9A1DCFA624FFE40E00D70971 = {
						CreatedOnToolsVersion = 12.0;
						TestTargetID = 9A1DCF8524FFE40C00D70971;
					};
				};
			};
			buildConfigurationList = 9A1DCF8124FFE40C00D70971 /* Build configuration list for PBXProject "User Defaults Demo" */;
			compatibilityVersion = "Xcode 9.3";
			developmentRegion = en;
			hasScannedForEncodings = 0;
			knownRegions = (
				en,
				Base,
			);
			mainGroup = 9A1DCF7D24FFE40C00D70971;
			productRefGroup = 9A1DCF8724FFE40C00D70971 /* Products */;
			projectDirPath = "";
			projectRoot = "";
			targets = (
				9A1DCF8524FFE40C00D70971 /* User Defaults Demo */,
				9A1DCF9B24FFE40E00D70971 /* User Defaults DemoTests */,
				9A1DCFA624FFE40E00D70971 /* User Defaults DemoUITests */,
			);
		};
/* End PBXProject section */

/* Begin PBXResourcesBuildPhase section */
		9A1DCF8424FFE40C00D70971 /* Resources */ = {
			isa = PBXResourcesBuildPhase;
			buildActionMask = 2147483647;
			files = (
				9A1DCF9624FFE40E00D70971 /* LaunchScreen.storyboard in Resources */,
				9A1DCF9324FFE40E00D70971 /* Assets.xcassets in Resources */,
				9A1DCF9124FFE40C00D70971 /* Main.storyboard in Resources */,
			);
			runOnlyForDeploymentPostprocessing = 0;
		};
		9A1DCF9A24FFE40E00D70971 /* Resources */ = {
			isa = PBXResourcesBuildPhase;
			buildActionMask = 2147483647;
			files = (
			);
			runOnlyForDeploymentPostprocessing = 0;
		};
		9A1DCFA524FFE40E00D70971 /* Resources */ = {
			isa = PBXResourcesBuildPhase;
			buildActionMask = 2147483647;
			files = (
			);
			runOnlyForDeploymentPostprocessing = 0;
		};
/* End PBXResourcesBuildPhase section */

/* Begin PBXSourcesBuildPhase section */
		9A1DCF8224FFE40C00D70971 /* Sources */ = {
			isa = PBXSourcesBuildPhase;
			buildActionMask = 2147483647;
			files = (
				9A1DCF8E24FFE40C00D70971 /* ViewController.swift in Sources */,
				9A1DCF8A24FFE40C00D70971 /* AppDelegate.swift in Sources */,
				9A1DCF8C24FFE40C00D70971 /* SceneDelegate.swift in Sources */,
			);
			runOnlyForDeploymentPostprocessing = 0;
		};
		9A1DCF9824FFE40E00D70971 /* Sources */ = {
			isa = PBXSourcesBuildPhase;
			buildActionMask = 2147483647;
			files = (
				9A1DCFA124FFE40E00D70971 /* User_Defaults_DemoTests.swift in Sources */,
			);
			runOnlyForDeploymentPostprocessing = 0;
		};
		9A1DCFA324FFE40E00D70971 /* Sources */ = {
			isa = PBXSourcesBuildPhase;
			buildActionMask = 2147483647;
			files = (
				9A1DCFAC24FFE40E00D70971 /* User_Defaults_DemoUITests.swift in Sources */,
			);
			runOnlyForDeploymentPostprocessing = 0;
		};
/* End PBXSourcesBuildPhase section */

/* Begin PBXTargetDependency section */
		9A1DCF9E24FFE40E00D70971 /* PBXTargetDependency */ = {
			isa = PBXTargetDependency;
			target = 9A1DCF8524FFE40C00D70971 /* User Defaults Demo */;
			targetProxy = 9A1DCF9D24FFE40E00D70971 /* PBXContainerItemProxy */;
		};
		9A1DCFA924FFE40E00D70971 /* PBXTargetDependency */ = {
			isa = PBXTargetDependency;
			target = 9A1DCF8524FFE40C00D70971 /* User Defaults Demo */;
			targetProxy = 9A1DCFA824FFE40E00D70971 /* PBXContainerItemProxy */;
		};
/* End PBXTargetDependency section */

/* Begin PBXVariantGroup section */
		9A1DCF8F24FFE40C00D70971 /* Main.storyboard */ = {
			isa = PBXVariantGroup;
			children = (
				9A1DCF9024FFE40C00D70971 /* Base */,
			);
			name = Main.storyboard;
			sourceTree = "<group>";
		};
		9A1DCF9424FFE40E00D70971 /* LaunchScreen.storyboard */ = {
			isa = PBXVariantGroup;
			children = (
				9A1DCF9524FFE40E00D70971 /* Base */,
			);
			name = LaunchScreen.storyboard;
			sourceTree = "<group>";
		};
/* End PBXVariantGroup section */

/* Begin XCBuildConfiguration section */
		9A1DCFAE24FFE40E00D70971 /* Debug */ = {
			isa = XCBuildConfiguration;
			buildSettings = {
				ALWAYS_SEARCH_USER_PATHS = NO;
				CLANG_ANALYZER_NONNULL = YES;
				CLANG_ANALYZER_NUMBER_OBJECT_CONVERSION = YES_AGGRESSIVE;
				CLANG_CXX_LANGUAGE_STANDARD = "gnu++14";
				CLANG_CXX_LIBRARY = "libc++";
				CLANG_ENABLE_MODULES = YES;
				CLANG_ENABLE_OBJC_ARC = YES;
				CLANG_ENABLE_OBJC_WEAK = YES;
				CLANG_WARN_BLOCK_CAPTURE_AUTORELEASING = YES;
				CLANG_WARN_BOOL_CONVERSION = YES;
				CLANG_WARN_COMMA = YES;
				CLANG_WARN_CONSTANT_CONVERSION = YES;
				CLANG_WARN_DEPRECATED_OBJC_IMPLEMENTATIONS = YES;
				CLANG_WARN_DIRECT_OBJC_ISA_USAGE = YES_ERROR;
				CLANG_WARN_DOCUMENTATION_COMMENTS = YES;
				CLANG_WARN_EMPTY_BODY = YES;
				CLANG_WARN_ENUM_CONVERSION = YES;
				CLANG_WARN_INFINITE_RECURSION = YES;
				CLANG_WARN_INT_CONVERSION = YES;
				CLANG_WARN_NON_LITERAL_NULL_CONVERSION = YES;
				CLANG_WARN_OBJC_IMPLICIT_RETAIN_SELF = YES;
				CLANG_WARN_OBJC_LITERAL_CONVERSION = YES;
				CLANG_WARN_OBJC_ROOT_CLASS = YES_ERROR;
				CLANG_WARN_QUOTED_INCLUDE_IN_FRAMEWORK_HEADER = YES;
				CLANG_WARN_RANGE_LOOP_ANALYSIS = YES;
				CLANG_WARN_STRICT_PROTOTYPES = YES;
				CLANG_WARN_SUSPICIOUS_MOVE = YES;
				CLANG_WARN_UNGUARDED_AVAILABILITY = YES_AGGRESSIVE;
				CLANG_WARN_UNREACHABLE_CODE = YES;
				CLANG_WARN__DUPLICATE_METHOD_MATCH = YES;
				COPY_PHASE_STRIP = NO;
				DEBUG_INFORMATION_FORMAT = dwarf;
				ENABLE_STRICT_OBJC_MSGSEND = YES;
				ENABLE_TESTABILITY = YES;
				GCC_C_LANGUAGE_STANDARD = gnu11;
				GCC_DYNAMIC_NO_PIC = NO;
				GCC_NO_COMMON_BLOCKS = YES;
				GCC_OPTIMIZATION_LEVEL = 0;
				GCC_PREPROCESSOR_DEFINITIONS = (
					"DEBUG=1",
					"$(inherited)",
				);
				GCC_WARN_64_TO_32_BIT_CONVERSION = YES;
				GCC_WARN_ABOUT_RETURN_TYPE = YES_ERROR;
				GCC_WARN_UNDECLARED_SELECTOR = YES;
				GCC_WARN_UNINITIALIZED_AUTOS = YES_AGGRESSIVE;
				GCC_WARN_UNUSED_FUNCTION = YES;
				GCC_WARN_UNUSED_VARIABLE = YES;
				IPHONEOS_DEPLOYMENT_TARGET = 14.0;
				MTL_ENABLE_DEBUG_INFO = INCLUDE_SOURCE;
				MTL_FAST_MATH = YES;
				ONLY_ACTIVE_ARCH = YES;
				SDKROOT = iphoneos;
				SWIFT_ACTIVE_COMPILATION_CONDITIONS = DEBUG;
				SWIFT_OPTIMIZATION_LEVEL = "-Onone";
			};
			name = Debug;
		};
		9A1DCFAF24FFE40E00D70971 /* Release */ = {
			isa = XCBuildConfiguration;
			buildSettings = {
				ALWAYS_SEARCH_USER_PATHS = NO;
				CLANG_ANALYZER_NONNULL = YES;
				CLANG_ANALYZER_NUMBER_OBJECT_CONVERSION = YES_AGGRESSIVE;
				CLANG_CXX_LANGUAGE_STANDARD = "gnu++14";
				CLANG_CXX_LIBRARY = "libc++";
				CLANG_ENABLE_MODULES = YES;
				CLANG_ENABLE_OBJC_ARC = YES;
				CLANG_ENABLE_OBJC_WEAK = YES;
				CLANG_WARN_BLOCK_CAPTURE_AUTORELEASING = YES;
				CLANG_WARN_BOOL_CONVERSION = YES;
				CLANG_WARN_COMMA = YES;
				CLANG_WARN_CONSTANT_CONVERSION = YES;
				CLANG_WARN_DEPRECATED_OBJC_IMPLEMENTATIONS = YES;
				CLANG_WARN_DIRECT_OBJC_ISA_USAGE = YES_ERROR;
				CLANG_WARN_DOCUMENTATION_COMMENTS = YES;
				CLANG_WARN_EMPTY_BODY = YES;
				CLANG_WARN_ENUM_CONVERSION = YES;
				CLANG_WARN_INFINITE_RECURSION = YES;
				CLANG_WARN_INT_CONVERSION = YES;
				CLANG_WARN_NON_LITERAL_NULL_CONVERSION = YES;
				CLANG_WARN_OBJC_IMPLICIT_RETAIN_SELF = YES;
				CLANG_WARN_OBJC_LITERAL_CONVERSION = YES;
				CLANG_WARN_OBJC_ROOT_CLASS = YES_ERROR;
				CLANG_WARN_QUOTED_INCLUDE_IN_FRAMEWORK_HEADER = YES;
				CLANG_WARN_RANGE_LOOP_ANALYSIS = YES;
				CLANG_WARN_STRICT_PROTOTYPES = YES;
				CLANG_WARN_SUSPICIOUS_MOVE = YES;
				CLANG_WARN_UNGUARDED_AVAILABILITY = YES_AGGRESSIVE;
				CLANG_WARN_UNREACHABLE_CODE = YES;
				CLANG_WARN__DUPLICATE_METHOD_MATCH = YES;
				COPY_PHASE_STRIP = NO;
				DEBUG_INFORMATION_FORMAT = "dwarf-with-dsym";
				ENABLE_NS_ASSERTIONS = NO;
				ENABLE_STRICT_OBJC_MSGSEND = YES;
				GCC_C_LANGUAGE_STANDARD = gnu11;
				GCC_NO_COMMON_BLOCKS = YES;
				GCC_WARN_64_TO_32_BIT_CONVERSION = YES;
				GCC_WARN_ABOUT_RETURN_TYPE = YES_ERROR;
				GCC_WARN_UNDECLARED_SELECTOR = YES;
				GCC_WARN_UNINITIALIZED_AUTOS = YES_AGGRESSIVE;
				GCC_WARN_UNUSED_FUNCTION = YES;
				GCC_WARN_UNUSED_VARIABLE = YES;
				IPHONEOS_DEPLOYMENT_TARGET = 14.0;
				MTL_ENABLE_DEBUG_INFO = NO;
				MTL_FAST_MATH = YES;
				SDKROOT = iphoneos;
				SWIFT_COMPILATION_MODE = wholemodule;
				SWIFT_OPTIMIZATION_LEVEL = "-O";
				VALIDATE_PRODUCT = YES;
			};
			name = Release;
		};
		9A1DCFB124FFE40E00D70971 /* Debug */ = {
			isa = XCBuildConfiguration;
			buildSettings = {
				ASSETCATALOG_COMPILER_APPICON_NAME = AppIcon;
				ASSETCATALOG_COMPILER_GLOBAL_ACCENT_COLOR_NAME = AccentColor;
				CODE_SIGN_STYLE = Automatic;
				INFOPLIST_FILE = "User Defaults Demo/Info.plist";
				LD_RUNPATH_SEARCH_PATHS = (
					"$(inherited)",
					"@executable_path/Frameworks",
				);
				PRODUCT_BUNDLE_IDENTIFIER = "com.rivavillageacademy.User-Defaults-Demo";
				PRODUCT_NAME = "$(TARGET_NAME)";
				SWIFT_VERSION = 5.0;
				TARGETED_DEVICE_FAMILY = "1,2";
			};
			name = Debug;
		};
		9A1DCFB224FFE40E00D70971 /* Release */ = {
			isa = XCBuildConfiguration;
			buildSettings = {
				ASSETCATALOG_COMPILER_APPICON_NAME = AppIcon;
				ASSETCATALOG_COMPILER_GLOBAL_ACCENT_COLOR_NAME = AccentColor;
				CODE_SIGN_STYLE = Automatic;
				INFOPLIST_FILE = "User Defaults Demo/Info.plist";
				LD_RUNPATH_SEARCH_PATHS = (
					"$(inherited)",
					"@executable_path/Frameworks",
				);
				PRODUCT_BUNDLE_IDENTIFIER = "com.rivavillageacademy.User-Defaults-Demo";
				PRODUCT_NAME = "$(TARGET_NAME)";
				SWIFT_VERSION = 5.0;
				TARGETED_DEVICE_FAMILY = "1,2";
			};
			name = Release;
		};
		9A1DCFB424FFE40E00D70971 /* Debug */ = {
			isa = XCBuildConfiguration;
			buildSettings = {
				ALWAYS_EMBED_SWIFT_STANDARD_LIBRARIES = YES;
				BUNDLE_LOADER = "$(TEST_HOST)";
				CODE_SIGN_STYLE = Automatic;
				INFOPLIST_FILE = "User Defaults DemoTests/Info.plist";
				IPHONEOS_DEPLOYMENT_TARGET = 14.0;
				LD_RUNPATH_SEARCH_PATHS = (
					"$(inherited)",
					"@executable_path/Frameworks",
					"@loader_path/Frameworks",
				);
				PRODUCT_BUNDLE_IDENTIFIER = "com.rivavillageacademy.User-Defaults-DemoTests";
				PRODUCT_NAME = "$(TARGET_NAME)";
				SWIFT_VERSION = 5.0;
				TARGETED_DEVICE_FAMILY = "1,2";
				TEST_HOST = "$(BUILT_PRODUCTS_DIR)/User Defaults Demo.app/User Defaults Demo";
			};
			name = Debug;
		};
		9A1DCFB524FFE40E00D70971 /* Release */ = {
			isa = XCBuildConfiguration;
			buildSettings = {
				ALWAYS_EMBED_SWIFT_STANDARD_LIBRARIES = YES;
				BUNDLE_LOADER = "$(TEST_HOST)";
				CODE_SIGN_STYLE = Automatic;
				INFOPLIST_FILE = "User Defaults DemoTests/Info.plist";
				IPHONEOS_DEPLOYMENT_TARGET = 14.0;
				LD_RUNPATH_SEARCH_PATHS = (
					"$(inherited)",
					"@executable_path/Frameworks",
					"@loader_path/Frameworks",
				);
				PRODUCT_BUNDLE_IDENTIFIER = "com.rivavillageacademy.User-Defaults-DemoTests";
				PRODUCT_NAME = "$(TARGET_NAME)";
				SWIFT_VERSION = 5.0;
				TARGETED_DEVICE_FAMILY = "1,2";
				TEST_HOST = "$(BUILT_PRODUCTS_DIR)/User Defaults Demo.app/User Defaults Demo";
			};
			name = Release;
		};
		9A1DCFB724FFE40E00D70971 /* Debug */ = {
			isa = XCBuildConfiguration;
			buildSettings = {
				ALWAYS_EMBED_SWIFT_STANDARD_LIBRARIES = YES;
				CODE_SIGN_STYLE = Automatic;
				INFOPLIST_FILE = "User Defaults DemoUITests/Info.plist";
				LD_RUNPATH_SEARCH_PATHS = (
					"$(inherited)",
					"@executable_path/Frameworks",
					"@loader_path/Frameworks",
				);
				PRODUCT_BUNDLE_IDENTIFIER = "com.rivavillageacademy.User-Defaults-DemoUITests";
				PRODUCT_NAME = "$(TARGET_NAME)";
				SWIFT_VERSION = 5.0;
				TARGETED_DEVICE_FAMILY = "1,2";
				TEST_TARGET_NAME = "User Defaults Demo";
			};
			name = Debug;
		};
		9A1DCFB824FFE40E00D70971 /* Release */ = {
			isa = XCBuildConfiguration;
			buildSettings = {
				ALWAYS_EMBED_SWIFT_STANDARD_LIBRARIES = YES;
				CODE_SIGN_STYLE = Automatic;
				INFOPLIST_FILE = "User Defaults DemoUITests/Info.plist";
				LD_RUNPATH_SEARCH_PATHS = (
					"$(inherited)",
					"@executable_path/Frameworks",
					"@loader_path/Frameworks",
				);
				PRODUCT_BUNDLE_IDENTIFIER = "com.rivavillageacademy.User-Defaults-DemoUITests";
				PRODUCT_NAME = "$(TARGET_NAME)";
				SWIFT_VERSION = 5.0;
				TARGETED_DEVICE_FAMILY = "1,2";
				TEST_TARGET_NAME = "User Defaults Demo";
			};
			name = Release;
		};
/* End XCBuildConfiguration section */

/* Begin XCConfigurationList section */
		9A1DCF8124FFE40C00D70971 /* Build configuration list for PBXProject "User Defaults Demo" */ = {
			isa = XCConfigurationList;
			buildConfigurations = (
				9A1DCFAE24FFE40E00D70971 /* Debug */,
				9A1DCFAF24FFE40E00D70971 /* Release */,
			);
			defaultConfigurationIsVisible = 0;
			defaultConfigurationName = Release;
		};
		9A1DCFB024FFE40E00D70971 /* Build configuration list for PBXNativeTarget "User Defaults Demo" */ = {
			isa = XCConfigurationList;
			buildConfigurations = (
				9A1DCFB124FFE40E00D70971 /* Debug */,
				9A1DCFB224FFE40E00D70971 /* Release */,
			);
			defaultConfigurationIsVisible = 0;
			defaultConfigurationName = Release;
		};
		9A1DCFB324FFE40E00D70971 /* Build configuration list for PBXNativeTarget "User Defaults DemoTests" */ = {
			isa = XCConfigurationList;
			buildConfigurations = (
				9A1DCFB424FFE40E00D70971 /* Debug */,
				9A1DCFB524FFE40E00D70971 /* Release */,
			);
			defaultConfigurationIsVisible = 0;
			defaultConfigurationName = Release;
		};
		9A1DCFB624FFE40E00D70971 /* Build configuration list for PBXNativeTarget "User Defaults DemoUITests" */ = {
			isa = XCConfigurationList;
			buildConfigurations = (
				9A1DCFB724FFE40E00D70971 /* Debug */,
				9A1DCFB824FFE40E00D70971 /* Release */,
			);
			defaultConfigurationIsVisible = 0;
			defaultConfigurationName = Release;
		};
/* End XCConfigurationList section */
	};
	rootObject = 9A1DCF7E24FFE40C00D70971 /* Project object */;
}
